
Microsoft Visual Studio Solution File, Format Version 12.00
# Visual Studio 15
VisualStudioVersion = 15.0.28307.1433
MinimumVisualStudioVersion = 10.0.40219.1
Project("{F184B08F-C81C-45F6-A57F-5ABD9991F28F}") = "TraspasosEcommerce", "TraspasosEcommerce\TraspasosEcommerce.vbproj", "{8D2B9026-E9BF-4BC2-A0A9-3AD1F77AB1CD}"
EndProject
Global
	GlobalSection(SolutionConfigurationPlatforms) = preSolution
		Debug|Any CPU = Debug|Any CPU
		Release|Any CPU = Release|Any CPU
	EndGlobalSection
	GlobalSection(ProjectConfigurationPlatforms) = postSolution
		{8D2B9026-E9BF-4BC2-A0A9-3AD1F77AB1CD}.Debug|Any CPU.ActiveCfg = Debug|Any CPU
		{8D2B9026-E9BF-4BC2-A0A9-3AD1F77AB1CD}.Debug|Any CPU.Build.0 = Debug|Any CPU
		{8D2B9026-E9BF-4BC2-A0A9-3AD1F77AB1CD}.Release|Any CPU.ActiveCfg = Release|Any CPU
		{8D2B9026-E9BF-4BC2-A0A9-3AD1F77AB1CD}.Release|Any CPU.Build.0 = Release|Any CPU
	EndGlobalSection
	GlobalSection(SolutionProperties) = preSolution
		HideSolutionNode = FALSE
	EndGlobalSection
	GlobalSection(ExtensibilityGlobals) = postSolution
		SolutionGuid = {C90FB42A-7778-41AD-8742-FC1C477EB8CC}
	EndGlobalSection
EndGlobal
